
Microsoft Visual Studio Solution File, Format Version 12.00
# Visual Studio Version 17
VisualStudioVersion = 17.10.35122.118
MinimumVisualStudioVersion = 10.0.40219.1
Project("{FAE04EC0-301F-11D3-BF4B-00C04F79EFBC}") = "film-friendly-airports-app", "film-friendly-airports-app.csproj", "{0DCB1850-DE47-4EF4-9486-52BE1C0F88F2}"
EndProject
Global
	GlobalSection(SolutionConfigurationPlatforms) = preSolution
		Debug|Any CPU = Debug|Any CPU
		Release|Any CPU = Release|Any CPU
	EndGlobalSection
	GlobalSection(ProjectConfigurationPlatforms) = postSolution
		{0DCB1850-DE47-4EF4-9486-52BE1C0F88F2}.Debug|Any CPU.ActiveCfg = Debug|Any CPU
		{0DCB1850-DE47-4EF4-9486-52BE1C0F88F2}.Debug|Any CPU.Build.0 = Debug|Any CPU
		{0DCB1850-DE47-4EF4-9486-52BE1C0F88F2}.Release|Any CPU.ActiveCfg = Release|Any CPU
		{0DCB1850-DE47-4EF4-9486-52BE1C0F88F2}.Release|Any CPU.Build.0 = Release|Any CPU
	EndGlobalSection
	GlobalSection(SolutionProperties) = preSolution
		HideSolutionNode = FALSE
	EndGlobalSection
	GlobalSection(ExtensibilityGlobals) = postSolution
		SolutionGuid = {237995F4-29AA-4138-A76D-92F2980B6ADA}
	EndGlobalSection
EndGlobal
